
Microsoft Visual Studio Solution File, Format Version 12.00
# Visual Studio Version 17
VisualStudioVersion = 17.6.33829.357
MinimumVisualStudioVersion = 10.0.40219.1
Project("{9A19103F-16F7-4668-BE54-9A1E7A4F7556}") = "Item-Trading-App-Contracts", "Item-Trading-App-Contracts\Item-Trading-App-Contracts\Item-Trading-App-Contracts.csproj", "{7C595DC8-44D6-4CEF-8445-CE3F5ECCF296}"
EndProject
Project("{2150E333-8FDC-42A3-9474-1A3956D46DE8}") = "src", "src", "{2DF7D18C-5E87-4F69-BB8A-D124F0B565B5}"
EndProject
Project("{2150E333-8FDC-42A3-9474-1A3956D46DE8}") = "tests", "tests", "{3ECD135D-77D0-476D-8E98-73076520C24A}"
EndProject
Project("{9A19103F-16F7-4668-BE54-9A1E7A4F7556}") = "Domain", "Domain\Domain.csproj", "{8152FFA8-94A4-4403-9B07-73A00EFC382A}"
EndProject
Project("{9A19103F-16F7-4668-BE54-9A1E7A4F7556}") = "Application", "Application\Application.csproj", "{178BD1D3-7F34-41CC-889A-0FD3D5E5EE80}"
EndProject
Project("{9A19103F-16F7-4668-BE54-9A1E7A4F7556}") = "Shared", "Shared\Shared.csproj", "{882934B7-CFCC-4F05-9386-1E1F334C1D95}"
EndProject
Project("{9A19103F-16F7-4668-BE54-9A1E7A4F7556}") = "Infrastructure", "Infrastructure\Infrastructure.csproj", "{9E49000D-9A70-4099-8840-36E28CD7473F}"
EndProject
Project("{9A19103F-16F7-4668-BE54-9A1E7A4F7556}") = "Application.UnitTests", "Application.UnitTests\Application.UnitTests.csproj", "{3EB220D8-B0E1-40B4-8399-AF4C1D09B4D8}"
EndProject
Project("{9A19103F-16F7-4668-BE54-9A1E7A4F7556}") = "Web.API", "Web.API\Web.API.csproj", "{69CF25C3-D9B5-419A-9C97-71B9A7934D6A}"
EndProject
Project("{9A19103F-16F7-4668-BE54-9A1E7A4F7556}") = "Infrastructure.UnitTests", "Infrastructure.UnitTests\Infrastructure.UnitTests.csproj", "{244F1703-3A7E-4456-999F-F6A87E906DDF}"
EndProject
Project("{E53339B2-1760-4266-BCC7-CA923CBCF16C}") = "docker-compose", "docker-compose.dcproj", "{78381FFF-7D86-4255-92E4-ED34DCA0755E}"
EndProject
Project("{FAE04EC0-301F-11D3-BF4B-00C04F79EFBC}") = "Infrastructure.IntegrationTests", "Infrastructure.IntegrationTests\Infrastructure.IntegrationTests.csproj", "{3C1B9FC0-4AE9-1420-82C3-C74CCA119CB1}"
EndProject
Project("{FAE04EC0-301F-11D3-BF4B-00C04F79EFBC}") = "Web.API.UnitTests", "Web.API.UnitTests\Web.API.UnitTests.csproj", "{6BA49348-B486-4E32-8E3F-37731F953F6A}"
EndProject
Project("{FAE04EC0-301F-11D3-BF4B-00C04F79EFBC}") = "Web.API.IntegrationTests", "Web.API.IntegrationTests\Web.API.IntegrationTests.csproj", "{4A86C005-7E91-4061-B3D6-5A0880FF7A05}"
EndProject
Project("{FAE04EC0-301F-11D3-BF4B-00C04F79EFBC}") = "Domain.UnitTests", "Domain.UnitTests\Domain.UnitTests.csproj", "{F6E003B1-CE81-4077-959C-B7AF5B08F245}"
EndProject
Project("{FAE04EC0-301F-11D3-BF4B-00C04F79EFBC}") = "CommonTestUtils", "CommonTestUtils\CommonTestUtils.csproj", "{D2DCD546-2008-4B57-A310-EB6423650401}"
EndProject
Global
	GlobalSection(SolutionConfigurationPlatforms) = preSolution
		Debug|Any CPU = Debug|Any CPU
		Debug|x64 = Debug|x64
		Debug|x86 = Debug|x86
		Release|Any CPU = Release|Any CPU
		Release|x64 = Release|x64
		Release|x86 = Release|x86
	EndGlobalSection
	GlobalSection(ProjectConfigurationPlatforms) = postSolution
		{7C595DC8-44D6-4CEF-8445-CE3F5ECCF296}.Debug|Any CPU.ActiveCfg = Debug|Any CPU
		{7C595DC8-44D6-4CEF-8445-CE3F5ECCF296}.Debug|Any CPU.Build.0 = Debug|Any CPU
		{7C595DC8-44D6-4CEF-8445-CE3F5ECCF296}.Debug|x64.ActiveCfg = Debug|Any CPU
		{7C595DC8-44D6-4CEF-8445-CE3F5ECCF296}.Debug|x64.Build.0 = Debug|Any CPU
		{7C595DC8-44D6-4CEF-8445-CE3F5ECCF296}.Debug|x86.ActiveCfg = Debug|Any CPU
		{7C595DC8-44D6-4CEF-8445-CE3F5ECCF296}.Debug|x86.Build.0 = Debug|Any CPU
		{7C595DC8-44D6-4CEF-8445-CE3F5ECCF296}.Release|Any CPU.ActiveCfg = Release|Any CPU
		{7C595DC8-44D6-4CEF-8445-CE3F5ECCF296}.Release|Any CPU.Build.0 = Release|Any CPU
		{7C595DC8-44D6-4CEF-8445-CE3F5ECCF296}.Release|x64.ActiveCfg = Release|Any CPU
		{7C595DC8-44D6-4CEF-8445-CE3F5ECCF296}.Release|x64.Build.0 = Release|Any CPU
		{7C595DC8-44D6-4CEF-8445-CE3F5ECCF296}.Release|x86.ActiveCfg = Release|Any CPU
		{7C595DC8-44D6-4CEF-8445-CE3F5ECCF296}.Release|x86.Build.0 = Release|Any CPU
		{8152FFA8-94A4-4403-9B07-73A00EFC382A}.Debug|Any CPU.ActiveCfg = Debug|Any CPU
		{8152FFA8-94A4-4403-9B07-73A00EFC382A}.Debug|Any CPU.Build.0 = Debug|Any CPU
		{8152FFA8-94A4-4403-9B07-73A00EFC382A}.Debug|x64.ActiveCfg = Debug|Any CPU
		{8152FFA8-94A4-4403-9B07-73A00EFC382A}.Debug|x64.Build.0 = Debug|Any CPU
		{8152FFA8-94A4-4403-9B07-73A00EFC382A}.Debug|x86.ActiveCfg = Debug|Any CPU
		{8152FFA8-94A4-4403-9B07-73A00EFC382A}.Debug|x86.Build.0 = Debug|Any CPU
		{8152FFA8-94A4-4403-9B07-73A00EFC382A}.Release|Any CPU.ActiveCfg = Release|Any CPU
		{8152FFA8-94A4-4403-9B07-73A00EFC382A}.Release|Any CPU.Build.0 = Release|Any CPU
		{8152FFA8-94A4-4403-9B07-73A00EFC382A}.Release|x64.ActiveCfg = Release|Any CPU
		{8152FFA8-94A4-4403-9B07-73A00EFC382A}.Release|x64.Build.0 = Release|Any CPU
		{8152FFA8-94A4-4403-9B07-73A00EFC382A}.Release|x86.ActiveCfg = Release|Any CPU
		{8152FFA8-94A4-4403-9B07-73A00EFC382A}.Release|x86.Build.0 = Release|Any CPU
		{178BD1D3-7F34-41CC-889A-0FD3D5E5EE80}.Debug|Any CPU.ActiveCfg = Debug|Any CPU
		{178BD1D3-7F34-41CC-889A-0FD3D5E5EE80}.Debug|Any CPU.Build.0 = Debug|Any CPU
		{178BD1D3-7F34-41CC-889A-0FD3D5E5EE80}.Debug|x64.ActiveCfg = Debug|Any CPU
		{178BD1D3-7F34-41CC-889A-0FD3D5E5EE80}.Debug|x64.Build.0 = Debug|Any CPU
		{178BD1D3-7F34-41CC-889A-0FD3D5E5EE80}.Debug|x86.ActiveCfg = Debug|Any CPU
		{178BD1D3-7F34-41CC-889A-0FD3D5E5EE80}.Debug|x86.Build.0 = Debug|Any CPU
		{178BD1D3-7F34-41CC-889A-0FD3D5E5EE80}.Release|Any CPU.ActiveCfg = Release|Any CPU
		{178BD1D3-7F34-41CC-889A-0FD3D5E5EE80}.Release|Any CPU.Build.0 = Release|Any CPU
		{178BD1D3-7F34-41CC-889A-0FD3D5E5EE80}.Release|x64.ActiveCfg = Release|Any CPU
		{178BD1D3-7F34-41CC-889A-0FD3D5E5EE80}.Release|x64.Build.0 = Release|Any CPU
		{178BD1D3-7F34-41CC-889A-0FD3D5E5EE80}.Release|x86.ActiveCfg = Release|Any CPU
		{178BD1D3-7F34-41CC-889A-0FD3D5E5EE80}.Release|x86.Build.0 = Release|Any CPU
		{882934B7-CFCC-4F05-9386-1E1F334C1D95}.Debug|Any CPU.ActiveCfg = Debug|Any CPU
		{882934B7-CFCC-4F05-9386-1E1F334C1D95}.Debug|Any CPU.Build.0 = Debug|Any CPU
		{882934B7-CFCC-4F05-9386-1E1F334C1D95}.Debug|x64.ActiveCfg = Debug|Any CPU
		{882934B7-CFCC-4F05-9386-1E1F334C1D95}.Debug|x64.Build.0 = Debug|Any CPU
		{882934B7-CFCC-4F05-9386-1E1F334C1D95}.Debug|x86.ActiveCfg = Debug|Any CPU
		{882934B7-CFCC-4F05-9386-1E1F334C1D95}.Debug|x86.Build.0 = Debug|Any CPU
		{882934B7-CFCC-4F05-9386-1E1F334C1D95}.Release|Any CPU.ActiveCfg = Release|Any CPU
		{882934B7-CFCC-4F05-9386-1E1F334C1D95}.Release|Any CPU.Build.0 = Release|Any CPU
		{882934B7-CFCC-4F05-9386-1E1F334C1D95}.Release|x64.ActiveCfg = Release|Any CPU
		{882934B7-CFCC-4F05-9386-1E1F334C1D95}.Release|x64.Build.0 = Release|Any CPU
		{882934B7-CFCC-4F05-9386-1E1F334C1D95}.Release|x86.ActiveCfg = Release|Any CPU
		{882934B7-CFCC-4F05-9386-1E1F334C1D95}.Release|x86.Build.0 = Release|Any CPU
		{9E49000D-9A70-4099-8840-36E28CD7473F}.Debug|Any CPU.ActiveCfg = Debug|Any CPU
		{9E49000D-9A70-4099-8840-36E28CD7473F}.Debug|Any CPU.Build.0 = Debug|Any CPU
		{9E49000D-9A70-4099-8840-36E28CD7473F}.Debug|x64.ActiveCfg = Debug|Any CPU
		{9E49000D-9A70-4099-8840-36E28CD7473F}.Debug|x64.Build.0 = Debug|Any CPU
		{9E49000D-9A70-4099-8840-36E28CD7473F}.Debug|x86.ActiveCfg = Debug|Any CPU
		{9E49000D-9A70-4099-8840-36E28CD7473F}.Debug|x86.Build.0 = Debug|Any CPU
		{9E49000D-9A70-4099-8840-36E28CD7473F}.Release|Any CPU.ActiveCfg = Release|Any CPU
		{9E49000D-9A70-4099-8840-36E28CD7473F}.Release|Any CPU.Build.0 = Release|Any CPU
		{9E49000D-9A70-4099-8840-36E28CD7473F}.Release|x64.ActiveCfg = Release|Any CPU
		{9E49000D-9A70-4099-8840-36E28CD7473F}.Release|x64.Build.0 = Release|Any CPU
		{9E49000D-9A70-4099-8840-36E28CD7473F}.Release|x86.ActiveCfg = Release|Any CPU
		{9E49000D-9A70-4099-8840-36E28CD7473F}.Release|x86.Build.0 = Release|Any CPU
		{3EB220D8-B0E1-40B4-8399-AF4C1D09B4D8}.Debug|Any CPU.ActiveCfg = Debug|Any CPU
		{3EB220D8-B0E1-40B4-8399-AF4C1D09B4D8}.Debug|Any CPU.Build.0 = Debug|Any CPU
		{3EB220D8-B0E1-40B4-8399-AF4C1D09B4D8}.Debug|x64.ActiveCfg = Debug|Any CPU
		{3EB220D8-B0E1-40B4-8399-AF4C1D09B4D8}.Debug|x64.Build.0 = Debug|Any CPU
		{3EB220D8-B0E1-40B4-8399-AF4C1D09B4D8}.Debug|x86.ActiveCfg = Debug|Any CPU
		{3EB220D8-B0E1-40B4-8399-AF4C1D09B4D8}.Debug|x86.Build.0 = Debug|Any CPU
		{3EB220D8-B0E1-40B4-8399-AF4C1D09B4D8}.Release|Any CPU.ActiveCfg = Release|Any CPU
		{3EB220D8-B0E1-40B4-8399-AF4C1D09B4D8}.Release|Any CPU.Build.0 = Release|Any CPU
		{3EB220D8-B0E1-40B4-8399-AF4C1D09B4D8}.Release|x64.ActiveCfg = Release|Any CPU
		{3EB220D8-B0E1-40B4-8399-AF4C1D09B4D8}.Release|x64.Build.0 = Release|Any CPU
		{3EB220D8-B0E1-40B4-8399-AF4C1D09B4D8}.Release|x86.ActiveCfg = Release|Any CPU
		{3EB220D8-B0E1-40B4-8399-AF4C1D09B4D8}.Release|x86.Build.0 = Release|Any CPU
		{69CF25C3-D9B5-419A-9C97-71B9A7934D6A}.Debug|Any CPU.ActiveCfg = Debug|Any CPU
		{69CF25C3-D9B5-419A-9C97-71B9A7934D6A}.Debug|Any CPU.Build.0 = Debug|Any CPU
		{69CF25C3-D9B5-419A-9C97-71B9A7934D6A}.Debug|x64.ActiveCfg = Debug|Any CPU
		{69CF25C3-D9B5-419A-9C97-71B9A7934D6A}.Debug|x64.Build.0 = Debug|Any CPU
		{69CF25C3-D9B5-419A-9C97-71B9A7934D6A}.Debug|x86.ActiveCfg = Debug|Any CPU
		{69CF25C3-D9B5-419A-9C97-71B9A7934D6A}.Debug|x86.Build.0 = Debug|Any CPU
		{69CF25C3-D9B5-419A-9C97-71B9A7934D6A}.Release|Any CPU.ActiveCfg = Release|Any CPU
		{69CF25C3-D9B5-419A-9C97-71B9A7934D6A}.Release|Any CPU.Build.0 = Release|Any CPU
		{69CF25C3-D9B5-419A-9C97-71B9A7934D6A}.Release|x64.ActiveCfg = Release|Any CPU
		{69CF25C3-D9B5-419A-9C97-71B9A7934D6A}.Release|x64.Build.0 = Release|Any CPU
		{69CF25C3-D9B5-419A-9C97-71B9A7934D6A}.Release|x86.ActiveCfg = Release|Any CPU
		{69CF25C3-D9B5-419A-9C97-71B9A7934D6A}.Release|x86.Build.0 = Release|Any CPU
		{244F1703-3A7E-4456-999F-F6A87E906DDF}.Debug|Any CPU.ActiveCfg = Debug|Any CPU
		{244F1703-3A7E-4456-999F-F6A87E906DDF}.Debug|Any CPU.Build.0 = Debug|Any CPU
		{244F1703-3A7E-4456-999F-F6A87E906DDF}.Debug|x64.ActiveCfg = Debug|Any CPU
		{244F1703-3A7E-4456-999F-F6A87E906DDF}.Debug|x64.Build.0 = Debug|Any CPU
		{244F1703-3A7E-4456-999F-F6A87E906DDF}.Debug|x86.ActiveCfg = Debug|Any CPU
		{244F1703-3A7E-4456-999F-F6A87E906DDF}.Debug|x86.Build.0 = Debug|Any CPU
		{244F1703-3A7E-4456-999F-F6A87E906DDF}.Release|Any CPU.ActiveCfg = Release|Any CPU
		{244F1703-3A7E-4456-999F-F6A87E906DDF}.Release|Any CPU.Build.0 = Release|Any CPU
		{244F1703-3A7E-4456-999F-F6A87E906DDF}.Release|x64.ActiveCfg = Release|Any CPU
		{244F1703-3A7E-4456-999F-F6A87E906DDF}.Release|x64.Build.0 = Release|Any CPU
		{244F1703-3A7E-4456-999F-F6A87E906DDF}.Release|x86.ActiveCfg = Release|Any CPU
		{244F1703-3A7E-4456-999F-F6A87E906DDF}.Release|x86.Build.0 = Release|Any CPU
		{78381FFF-7D86-4255-92E4-ED34DCA0755E}.Debug|Any CPU.ActiveCfg = Debug|Any CPU
		{78381FFF-7D86-4255-92E4-ED34DCA0755E}.Debug|Any CPU.Build.0 = Debug|Any CPU
		{78381FFF-7D86-4255-92E4-ED34DCA0755E}.Debug|x64.ActiveCfg = Debug|x64
		{78381FFF-7D86-4255-92E4-ED34DCA0755E}.Debug|x86.ActiveCfg = Debug|x86
		{78381FFF-7D86-4255-92E4-ED34DCA0755E}.Release|Any CPU.ActiveCfg = Release|Any CPU
		{78381FFF-7D86-4255-92E4-ED34DCA0755E}.Release|Any CPU.Build.0 = Release|Any CPU
		{78381FFF-7D86-4255-92E4-ED34DCA0755E}.Release|x64.ActiveCfg = Release|x64
		{78381FFF-7D86-4255-92E4-ED34DCA0755E}.Release|x86.ActiveCfg = Release|x86
		{3C1B9FC0-4AE9-1420-82C3-C74CCA119CB1}.Debug|Any CPU.ActiveCfg = Debug|Any CPU
		{3C1B9FC0-4AE9-1420-82C3-C74CCA119CB1}.Debug|Any CPU.Build.0 = Debug|Any CPU
		{3C1B9FC0-4AE9-1420-82C3-C74CCA119CB1}.Debug|x64.ActiveCfg = Debug|Any CPU
		{3C1B9FC0-4AE9-1420-82C3-C74CCA119CB1}.Debug|x64.Build.0 = Debug|Any CPU
		{3C1B9FC0-4AE9-1420-82C3-C74CCA119CB1}.Debug|x86.ActiveCfg = Debug|Any CPU
		{3C1B9FC0-4AE9-1420-82C3-C74CCA119CB1}.Debug|x86.Build.0 = Debug|Any CPU
		{3C1B9FC0-4AE9-1420-82C3-C74CCA119CB1}.Release|Any CPU.ActiveCfg = Release|Any CPU
		{3C1B9FC0-4AE9-1420-82C3-C74CCA119CB1}.Release|Any CPU.Build.0 = Release|Any CPU
		{3C1B9FC0-4AE9-1420-82C3-C74CCA119CB1}.Release|x64.ActiveCfg = Release|Any CPU
		{3C1B9FC0-4AE9-1420-82C3-C74CCA119CB1}.Release|x64.Build.0 = Release|Any CPU
		{3C1B9FC0-4AE9-1420-82C3-C74CCA119CB1}.Release|x86.ActiveCfg = Release|Any CPU
		{3C1B9FC0-4AE9-1420-82C3-C74CCA119CB1}.Release|x86.Build.0 = Release|Any CPU
		{6BA49348-B486-4E32-8E3F-37731F953F6A}.Debug|Any CPU.ActiveCfg = Debug|Any CPU
		{6BA49348-B486-4E32-8E3F-37731F953F6A}.Debug|Any CPU.Build.0 = Debug|Any CPU
		{6BA49348-B486-4E32-8E3F-37731F953F6A}.Debug|x64.ActiveCfg = Debug|Any CPU
		{6BA49348-B486-4E32-8E3F-37731F953F6A}.Debug|x64.Build.0 = Debug|Any CPU
		{6BA49348-B486-4E32-8E3F-37731F953F6A}.Debug|x86.ActiveCfg = Debug|Any CPU
		{6BA49348-B486-4E32-8E3F-37731F953F6A}.Debug|x86.Build.0 = Debug|Any CPU
		{6BA49348-B486-4E32-8E3F-37731F953F6A}.Release|Any CPU.ActiveCfg = Release|Any CPU
		{6BA49348-B486-4E32-8E3F-37731F953F6A}.Release|Any CPU.Build.0 = Release|Any CPU
		{6BA49348-B486-4E32-8E3F-37731F953F6A}.Release|x64.ActiveCfg = Release|Any CPU
		{6BA49348-B486-4E32-8E3F-37731F953F6A}.Release|x64.Build.0 = Release|Any CPU
		{6BA49348-B486-4E32-8E3F-37731F953F6A}.Release|x86.ActiveCfg = Release|Any CPU
		{6BA49348-B486-4E32-8E3F-37731F953F6A}.Release|x86.Build.0 = Release|Any CPU
		{4A86C005-7E91-4061-B3D6-5A0880FF7A05}.Debug|Any CPU.ActiveCfg = Debug|Any CPU
		{4A86C005-7E91-4061-B3D6-5A0880FF7A05}.Debug|Any CPU.Build.0 = Debug|Any CPU
		{4A86C005-7E91-4061-B3D6-5A0880FF7A05}.Debug|x64.ActiveCfg = Debug|Any CPU
		{4A86C005-7E91-4061-B3D6-5A0880FF7A05}.Debug|x64.Build.0 = Debug|Any CPU
		{4A86C005-7E91-4061-B3D6-5A0880FF7A05}.Debug|x86.ActiveCfg = Debug|Any CPU
		{4A86C005-7E91-4061-B3D6-5A0880FF7A05}.Debug|x86.Build.0 = Debug|Any CPU
		{4A86C005-7E91-4061-B3D6-5A0880FF7A05}.Release|Any CPU.ActiveCfg = Release|Any CPU
		{4A86C005-7E91-4061-B3D6-5A0880FF7A05}.Release|Any CPU.Build.0 = Release|Any CPU
		{4A86C005-7E91-4061-B3D6-5A0880FF7A05}.Release|x64.ActiveCfg = Release|Any CPU
		{4A86C005-7E91-4061-B3D6-5A0880FF7A05}.Release|x64.Build.0 = Release|Any CPU
		{4A86C005-7E91-4061-B3D6-5A0880FF7A05}.Release|x86.ActiveCfg = Release|Any CPU
		{4A86C005-7E91-4061-B3D6-5A0880FF7A05}.Release|x86.Build.0 = Release|Any CPU
		{F6E003B1-CE81-4077-959C-B7AF5B08F245}.Debug|Any CPU.ActiveCfg = Debug|Any CPU
		{F6E003B1-CE81-4077-959C-B7AF5B08F245}.Debug|Any CPU.Build.0 = Debug|Any CPU
		{F6E003B1-CE81-4077-959C-B7AF5B08F245}.Debug|x64.ActiveCfg = Debug|Any CPU
		{F6E003B1-CE81-4077-959C-B7AF5B08F245}.Debug|x64.Build.0 = Debug|Any CPU
		{F6E003B1-CE81-4077-959C-B7AF5B08F245}.Debug|x86.ActiveCfg = Debug|Any CPU
		{F6E003B1-CE81-4077-959C-B7AF5B08F245}.Debug|x86.Build.0 = Debug|Any CPU
		{F6E003B1-CE81-4077-959C-B7AF5B08F245}.Release|Any CPU.ActiveCfg = Release|Any CPU
		{F6E003B1-CE81-4077-959C-B7AF5B08F245}.Release|Any CPU.Build.0 = Release|Any CPU
		{F6E003B1-CE81-4077-959C-B7AF5B08F245}.Release|x64.ActiveCfg = Release|Any CPU
		{F6E003B1-CE81-4077-959C-B7AF5B08F245}.Release|x64.Build.0 = Release|Any CPU
		{F6E003B1-CE81-4077-959C-B7AF5B08F245}.Release|x86.ActiveCfg = Release|Any CPU
		{F6E003B1-CE81-4077-959C-B7AF5B08F245}.Release|x86.Build.0 = Release|Any CPU
		{D2DCD546-2008-4B57-A310-EB6423650401}.Debug|Any CPU.ActiveCfg = Debug|Any CPU
		{D2DCD546-2008-4B57-A310-EB6423650401}.Debug|Any CPU.Build.0 = Debug|Any CPU
		{D2DCD546-2008-4B57-A310-EB6423650401}.Debug|x64.ActiveCfg = Debug|Any CPU
		{D2DCD546-2008-4B57-A310-EB6423650401}.Debug|x64.Build.0 = Debug|Any CPU
		{D2DCD546-2008-4B57-A310-EB6423650401}.Debug|x86.ActiveCfg = Debug|Any CPU
		{D2DCD546-2008-4B57-A310-EB6423650401}.Debug|x86.Build.0 = Debug|Any CPU
		{D2DCD546-2008-4B57-A310-EB6423650401}.Release|Any CPU.ActiveCfg = Release|Any CPU
		{D2DCD546-2008-4B57-A310-EB6423650401}.Release|Any CPU.Build.0 = Release|Any CPU
		{D2DCD546-2008-4B57-A310-EB6423650401}.Release|x64.ActiveCfg = Release|Any CPU
		{D2DCD546-2008-4B57-A310-EB6423650401}.Release|x64.Build.0 = Release|Any CPU
		{D2DCD546-2008-4B57-A310-EB6423650401}.Release|x86.ActiveCfg = Release|Any CPU
		{D2DCD546-2008-4B57-A310-EB6423650401}.Release|x86.Build.0 = Release|Any CPU
	EndGlobalSection
	GlobalSection(SolutionProperties) = preSolution
		HideSolutionNode = FALSE
	EndGlobalSection
	GlobalSection(NestedProjects) = preSolution
		{7C595DC8-44D6-4CEF-8445-CE3F5ECCF296} = {2DF7D18C-5E87-4F69-BB8A-D124F0B565B5}
		{8152FFA8-94A4-4403-9B07-73A00EFC382A} = {2DF7D18C-5E87-4F69-BB8A-D124F0B565B5}
		{178BD1D3-7F34-41CC-889A-0FD3D5E5EE80} = {2DF7D18C-5E87-4F69-BB8A-D124F0B565B5}
		{882934B7-CFCC-4F05-9386-1E1F334C1D95} = {2DF7D18C-5E87-4F69-BB8A-D124F0B565B5}
		{9E49000D-9A70-4099-8840-36E28CD7473F} = {2DF7D18C-5E87-4F69-BB8A-D124F0B565B5}
		{3EB220D8-B0E1-40B4-8399-AF4C1D09B4D8} = {3ECD135D-77D0-476D-8E98-73076520C24A}
		{69CF25C3-D9B5-419A-9C97-71B9A7934D6A} = {2DF7D18C-5E87-4F69-BB8A-D124F0B565B5}
		{244F1703-3A7E-4456-999F-F6A87E906DDF} = {3ECD135D-77D0-476D-8E98-73076520C24A}
		{3C1B9FC0-4AE9-1420-82C3-C74CCA119CB1} = {3ECD135D-77D0-476D-8E98-73076520C24A}
		{6BA49348-B486-4E32-8E3F-37731F953F6A} = {3ECD135D-77D0-476D-8E98-73076520C24A}
		{4A86C005-7E91-4061-B3D6-5A0880FF7A05} = {3ECD135D-77D0-476D-8E98-73076520C24A}
	EndGlobalSection
	GlobalSection(ExtensibilityGlobals) = postSolution
		SolutionGuid = {DFF4B2FE-558E-4E43-A001-02BEFC70D2BC}
	EndGlobalSection
EndGlobal
