
Microsoft Visual Studio Solution File, Format Version 12.00
# Visual Studio Version 16
VisualStudioVersion = 16.0.31515.178
MinimumVisualStudioVersion = 10.0.40219.1
Project("{FAE04EC0-301F-11D3-BF4B-00C04F79EFBC}") = "Item-Trading-App-REST-API", "Item-Trading-App-REST-API\Item-Trading-App-REST-API.csproj", "{E266C94E-183A-4DD4-9465-1244FDA216EA}"
EndProject
Global
	GlobalSection(SolutionConfigurationPlatforms) = preSolution
		Debug|Any CPU = Debug|Any CPU
		Release|Any CPU = Release|Any CPU
	EndGlobalSection
	GlobalSection(ProjectConfigurationPlatforms) = postSolution
		{E266C94E-183A-4DD4-9465-1244FDA216EA}.Debug|Any CPU.ActiveCfg = Debug|Any CPU
		{E266C94E-183A-4DD4-9465-1244FDA216EA}.Debug|Any CPU.Build.0 = Debug|Any CPU
		{E266C94E-183A-4DD4-9465-1244FDA216EA}.Release|Any CPU.ActiveCfg = Release|Any CPU
		{E266C94E-183A-4DD4-9465-1244FDA216EA}.Release|Any CPU.Build.0 = Release|Any CPU
	EndGlobalSection
	GlobalSection(SolutionProperties) = preSolution
		HideSolutionNode = FALSE
	EndGlobalSection
	GlobalSection(ExtensibilityGlobals) = postSolution
		SolutionGuid = {DFF4B2FE-558E-4E43-A001-02BEFC70D2BC}
	EndGlobalSection
EndGlobal
